
Microsoft Visual Studio Solution File, Format Version 12.00
# Visual Studio Version 17
VisualStudioVersion = 17.1.32203.90
MinimumVisualStudioVersion = 10.0.40219.1
Project("{FAE04EC0-301F-11D3-BF4B-00C04F79EFBC}") = "SportTimerXam.UWP", "SportTimerXam\SportTimerXam.UWP\SportTimerXam.UWP.csproj", "{6FA86775-809D-4928-A352-378DED276442}"
EndProject
Project("{FAE04EC0-301F-11D3-BF4B-00C04F79EFBC}") = "SportTimerXam.Android", "SportTimerXam\SportTimerXam.Android\SportTimerXam.Android.csproj", "{0E36AB60-92EB-4BF5-BAB0-4D910F505370}"
EndProject
Project("{FAE04EC0-301F-11D3-BF4B-00C04F79EFBC}") = "SportTimerXam.iOS", "SportTimerXam\SportTimerXam.iOS\SportTimerXam.iOS.csproj", "{D1B7FBAF-2CD7-45CA-904E-0E224491197B}"
EndProject
Project("{FAE04EC0-301F-11D3-BF4B-00C04F79EFBC}") = "SportTimerXam", "SportTimerXam\SportTimerXam\SportTimerXam.csproj", "{D42E7EDA-C869-4FED-82C6-A061E613FA32}"
EndProject
Global
	GlobalSection(SolutionConfigurationPlatforms) = preSolution
		Debug|Any CPU = Debug|Any CPU
		Debug|ARM = Debug|ARM
		Debug|iPhone = Debug|iPhone
		Debug|iPhoneSimulator = Debug|iPhoneSimulator
		Debug|x64 = Debug|x64
		Debug|x86 = Debug|x86
		Release|Any CPU = Release|Any CPU
		Release|ARM = Release|ARM
		Release|iPhone = Release|iPhone
		Release|iPhoneSimulator = Release|iPhoneSimulator
		Release|x64 = Release|x64
		Release|x86 = Release|x86
	EndGlobalSection
	GlobalSection(ProjectConfigurationPlatforms) = postSolution
		{6FA86775-809D-4928-A352-378DED276442}.Debug|Any CPU.ActiveCfg = Debug|x64
		{6FA86775-809D-4928-A352-378DED276442}.Debug|Any CPU.Build.0 = Debug|x64
		{6FA86775-809D-4928-A352-378DED276442}.Debug|Any CPU.Deploy.0 = Debug|x64
		{6FA86775-809D-4928-A352-378DED276442}.Debug|ARM.ActiveCfg = Debug|ARM
		{6FA86775-809D-4928-A352-378DED276442}.Debug|ARM.Build.0 = Debug|ARM
		{6FA86775-809D-4928-A352-378DED276442}.Debug|ARM.Deploy.0 = Debug|ARM
		{6FA86775-809D-4928-A352-378DED276442}.Debug|iPhone.ActiveCfg = Debug|x64
		{6FA86775-809D-4928-A352-378DED276442}.Debug|iPhone.Build.0 = Debug|x64
		{6FA86775-809D-4928-A352-378DED276442}.Debug|iPhone.Deploy.0 = Debug|x64
		{6FA86775-809D-4928-A352-378DED276442}.Debug|iPhoneSimulator.ActiveCfg = Debug|x64
		{6FA86775-809D-4928-A352-378DED276442}.Debug|iPhoneSimulator.Build.0 = Debug|x64
		{6FA86775-809D-4928-A352-378DED276442}.Debug|iPhoneSimulator.Deploy.0 = Debug|x64
		{6FA86775-809D-4928-A352-378DED276442}.Debug|x64.ActiveCfg = Debug|x64
		{6FA86775-809D-4928-A352-378DED276442}.Debug|x64.Build.0 = Debug|x64
		{6FA86775-809D-4928-A352-378DED276442}.Debug|x64.Deploy.0 = Debug|x64
		{6FA86775-809D-4928-A352-378DED276442}.Debug|x86.ActiveCfg = Debug|x86
		{6FA86775-809D-4928-A352-378DED276442}.Debug|x86.Build.0 = Debug|x86
		{6FA86775-809D-4928-A352-378DED276442}.Debug|x86.Deploy.0 = Debug|x86
		{6FA86775-809D-4928-A352-378DED276442}.Release|Any CPU.ActiveCfg = Release|x64
		{6FA86775-809D-4928-A352-378DED276442}.Release|Any CPU.Build.0 = Release|x64
		{6FA86775-809D-4928-A352-378DED276442}.Release|Any CPU.Deploy.0 = Release|x64
		{6FA86775-809D-4928-A352-378DED276442}.Release|ARM.ActiveCfg = Release|ARM
		{6FA86775-809D-4928-A352-378DED276442}.Release|ARM.Build.0 = Release|ARM
		{6FA86775-809D-4928-A352-378DED276442}.Release|ARM.Deploy.0 = Release|ARM
		{6FA86775-809D-4928-A352-378DED276442}.Release|iPhone.ActiveCfg = Release|x64
		{6FA86775-809D-4928-A352-378DED276442}.Release|iPhone.Build.0 = Release|x64
		{6FA86775-809D-4928-A352-378DED276442}.Release|iPhone.Deploy.0 = Release|x64
		{6FA86775-809D-4928-A352-378DED276442}.Release|iPhoneSimulator.ActiveCfg = Release|x64
		{6FA86775-809D-4928-A352-378DED276442}.Release|iPhoneSimulator.Build.0 = Release|x64
		{6FA86775-809D-4928-A352-378DED276442}.Release|iPhoneSimulator.Deploy.0 = Release|x64
		{6FA86775-809D-4928-A352-378DED276442}.Release|x64.ActiveCfg = Release|x64
		{6FA86775-809D-4928-A352-378DED276442}.Release|x64.Build.0 = Release|x64
		{6FA86775-809D-4928-A352-378DED276442}.Release|x64.Deploy.0 = Release|x64
		{6FA86775-809D-4928-A352-378DED276442}.Release|x86.ActiveCfg = Release|x86
		{6FA86775-809D-4928-A352-378DED276442}.Release|x86.Build.0 = Release|x86
		{6FA86775-809D-4928-A352-378DED276442}.Release|x86.Deploy.0 = Release|x86
		{0E36AB60-92EB-4BF5-BAB0-4D910F505370}.Debug|Any CPU.ActiveCfg = Debug|Any CPU
		{0E36AB60-92EB-4BF5-BAB0-4D910F505370}.Debug|Any CPU.Build.0 = Debug|Any CPU
		{0E36AB60-92EB-4BF5-BAB0-4D910F505370}.Debug|Any CPU.Deploy.0 = Debug|Any CPU
		{0E36AB60-92EB-4BF5-BAB0-4D910F505370}.Debug|ARM.ActiveCfg = Debug|Any CPU
		{0E36AB60-92EB-4BF5-BAB0-4D910F505370}.Debug|ARM.Build.0 = Debug|Any CPU
		{0E36AB60-92EB-4BF5-BAB0-4D910F505370}.Debug|ARM.Deploy.0 = Debug|Any CPU
		{0E36AB60-92EB-4BF5-BAB0-4D910F505370}.Debug|iPhone.ActiveCfg = Debug|Any CPU
		{0E36AB60-92EB-4BF5-BAB0-4D910F505370}.Debug|iPhone.Build.0 = Debug|Any CPU
		{0E36AB60-92EB-4BF5-BAB0-4D910F505370}.Debug|iPhone.Deploy.0 = Debug|Any CPU
		{0E36AB60-92EB-4BF5-BAB0-4D910F505370}.Debug|iPhoneSimulator.ActiveCfg = Debug|Any CPU
		{0E36AB60-92EB-4BF5-BAB0-4D910F505370}.Debug|iPhoneSimulator.Build.0 = Debug|Any CPU
		{0E36AB60-92EB-4BF5-BAB0-4D910F505370}.Debug|iPhoneSimulator.Deploy.0 = Debug|Any CPU
		{0E36AB60-92EB-4BF5-BAB0-4D910F505370}.Debug|x64.ActiveCfg = Debug|Any CPU
		{0E36AB60-92EB-4BF5-BAB0-4D910F505370}.Debug|x64.Build.0 = Debug|Any CPU
		{0E36AB60-92EB-4BF5-BAB0-4D910F505370}.Debug|x64.Deploy.0 = Debug|Any CPU
		{0E36AB60-92EB-4BF5-BAB0-4D910F505370}.Debug|x86.ActiveCfg = Debug|Any CPU
		{0E36AB60-92EB-4BF5-BAB0-4D910F505370}.Debug|x86.Build.0 = Debug|Any CPU
		{0E36AB60-92EB-4BF5-BAB0-4D910F505370}.Debug|x86.Deploy.0 = Debug|Any CPU
		{0E36AB60-92EB-4BF5-BAB0-4D910F505370}.Release|Any CPU.ActiveCfg = Release|Any CPU
		{0E36AB60-92EB-4BF5-BAB0-4D910F505370}.Release|Any CPU.Build.0 = Release|Any CPU
		{0E36AB60-92EB-4BF5-BAB0-4D910F505370}.Release|Any CPU.Deploy.0 = Release|Any CPU
		{0E36AB60-92EB-4BF5-BAB0-4D910F505370}.Release|ARM.ActiveCfg = Release|Any CPU
		{0E36AB60-92EB-4BF5-BAB0-4D910F505370}.Release|ARM.Build.0 = Release|Any CPU
		{0E36AB60-92EB-4BF5-BAB0-4D910F505370}.Release|ARM.Deploy.0 = Release|Any CPU
		{0E36AB60-92EB-4BF5-BAB0-4D910F505370}.Release|iPhone.ActiveCfg = Release|Any CPU
		{0E36AB60-92EB-4BF5-BAB0-4D910F505370}.Release|iPhone.Build.0 = Release|Any CPU
		{0E36AB60-92EB-4BF5-BAB0-4D910F505370}.Release|iPhone.Deploy.0 = Release|Any CPU
		{0E36AB60-92EB-4BF5-BAB0-4D910F505370}.Release|iPhoneSimulator.ActiveCfg = Release|Any CPU
		{0E36AB60-92EB-4BF5-BAB0-4D910F505370}.Release|iPhoneSimulator.Build.0 = Release|Any CPU
		{0E36AB60-92EB-4BF5-BAB0-4D910F505370}.Release|iPhoneSimulator.Deploy.0 = Release|Any CPU
		{0E36AB60-92EB-4BF5-BAB0-4D910F505370}.Release|x64.ActiveCfg = Release|Any CPU
		{0E36AB60-92EB-4BF5-BAB0-4D910F505370}.Release|x64.Build.0 = Release|Any CPU
		{0E36AB60-92EB-4BF5-BAB0-4D910F505370}.Release|x64.Deploy.0 = Release|Any CPU
		{0E36AB60-92EB-4BF5-BAB0-4D910F505370}.Release|x86.ActiveCfg = Release|Any CPU
		{0E36AB60-92EB-4BF5-BAB0-4D910F505370}.Release|x86.Build.0 = Release|Any CPU
		{0E36AB60-92EB-4BF5-BAB0-4D910F505370}.Release|x86.Deploy.0 = Release|Any CPU
		{D1B7FBAF-2CD7-45CA-904E-0E224491197B}.Debug|Any CPU.ActiveCfg = Debug|iPhoneSimulator
		{D1B7FBAF-2CD7-45CA-904E-0E224491197B}.Debug|Any CPU.Build.0 = Debug|iPhoneSimulator
		{D1B7FBAF-2CD7-45CA-904E-0E224491197B}.Debug|Any CPU.Deploy.0 = Debug|iPhoneSimulator
		{D1B7FBAF-2CD7-45CA-904E-0E224491197B}.Debug|ARM.ActiveCfg = Debug|iPhoneSimulator
		{D1B7FBAF-2CD7-45CA-904E-0E224491197B}.Debug|ARM.Build.0 = Debug|iPhoneSimulator
		{D1B7FBAF-2CD7-45CA-904E-0E224491197B}.Debug|ARM.Deploy.0 = Debug|iPhoneSimulator
		{D1B7FBAF-2CD7-45CA-904E-0E224491197B}.Debug|iPhone.ActiveCfg = Debug|iPhone
		{D1B7FBAF-2CD7-45CA-904E-0E224491197B}.Debug|iPhone.Build.0 = Debug|iPhone
		{D1B7FBAF-2CD7-45CA-904E-0E224491197B}.Debug|iPhone.Deploy.0 = Debug|iPhone
		{D1B7FBAF-2CD7-45CA-904E-0E224491197B}.Debug|iPhoneSimulator.ActiveCfg = Debug|iPhoneSimulator
		{D1B7FBAF-2CD7-45CA-904E-0E224491197B}.Debug|iPhoneSimulator.Build.0 = Debug|iPhoneSimulator
		{D1B7FBAF-2CD7-45CA-904E-0E224491197B}.Debug|iPhoneSimulator.Deploy.0 = Debug|iPhoneSimulator
		{D1B7FBAF-2CD7-45CA-904E-0E224491197B}.Debug|x64.ActiveCfg = Debug|iPhone
		{D1B7FBAF-2CD7-45CA-904E-0E224491197B}.Debug|x64.Build.0 = Debug|iPhone
		{D1B7FBAF-2CD7-45CA-904E-0E224491197B}.Debug|x64.Deploy.0 = Debug|iPhone
		{D1B7FBAF-2CD7-45CA-904E-0E224491197B}.Debug|x86.ActiveCfg = Debug|iPhoneSimulator
		{D1B7FBAF-2CD7-45CA-904E-0E224491197B}.Debug|x86.Build.0 = Debug|iPhoneSimulator
		{D1B7FBAF-2CD7-45CA-904E-0E224491197B}.Debug|x86.Deploy.0 = Debug|iPhoneSimulator
		{D1B7FBAF-2CD7-45CA-904E-0E224491197B}.Release|Any CPU.ActiveCfg = Release|iPhoneSimulator
		{D1B7FBAF-2CD7-45CA-904E-0E224491197B}.Release|Any CPU.Build.0 = Release|iPhoneSimulator
		{D1B7FBAF-2CD7-45CA-904E-0E224491197B}.Release|Any CPU.Deploy.0 = Release|iPhoneSimulator
		{D1B7FBAF-2CD7-45CA-904E-0E224491197B}.Release|ARM.ActiveCfg = Release|iPhoneSimulator
		{D1B7FBAF-2CD7-45CA-904E-0E224491197B}.Release|ARM.Build.0 = Release|iPhoneSimulator
		{D1B7FBAF-2CD7-45CA-904E-0E224491197B}.Release|ARM.Deploy.0 = Release|iPhoneSimulator
		{D1B7FBAF-2CD7-45CA-904E-0E224491197B}.Release|iPhone.ActiveCfg = Release|iPhone
		{D1B7FBAF-2CD7-45CA-904E-0E224491197B}.Release|iPhone.Build.0 = Release|iPhone
		{D1B7FBAF-2CD7-45CA-904E-0E224491197B}.Release|iPhone.Deploy.0 = Release|iPhone
		{D1B7FBAF-2CD7-45CA-904E-0E224491197B}.Release|iPhoneSimulator.ActiveCfg = Release|iPhoneSimulator
		{D1B7FBAF-2CD7-45CA-904E-0E224491197B}.Release|iPhoneSimulator.Build.0 = Release|iPhoneSimulator
		{D1B7FBAF-2CD7-45CA-904E-0E224491197B}.Release|iPhoneSimulator.Deploy.0 = Release|iPhoneSimulator
		{D1B7FBAF-2CD7-45CA-904E-0E224491197B}.Release|x64.ActiveCfg = Release|iPhoneSimulator
		{D1B7FBAF-2CD7-45CA-904E-0E224491197B}.Release|x64.Build.0 = Release|iPhoneSimulator
		{D1B7FBAF-2CD7-45CA-904E-0E224491197B}.Release|x64.Deploy.0 = Release|iPhoneSimulator
		{D1B7FBAF-2CD7-45CA-904E-0E224491197B}.Release|x86.ActiveCfg = Release|iPhoneSimulator
		{D1B7FBAF-2CD7-45CA-904E-0E224491197B}.Release|x86.Build.0 = Release|iPhoneSimulator
		{D1B7FBAF-2CD7-45CA-904E-0E224491197B}.Release|x86.Deploy.0 = Release|iPhoneSimulator
		{D42E7EDA-C869-4FED-82C6-A061E613FA32}.Debug|Any CPU.ActiveCfg = Debug|Any CPU
		{D42E7EDA-C869-4FED-82C6-A061E613FA32}.Debug|Any CPU.Build.0 = Debug|Any CPU
		{D42E7EDA-C869-4FED-82C6-A061E613FA32}.Debug|Any CPU.Deploy.0 = Debug|Any CPU
		{D42E7EDA-C869-4FED-82C6-A061E613FA32}.Debug|ARM.ActiveCfg = Debug|Any CPU
		{D42E7EDA-C869-4FED-82C6-A061E613FA32}.Debug|ARM.Build.0 = Debug|Any CPU
		{D42E7EDA-C869-4FED-82C6-A061E613FA32}.Debug|ARM.Deploy.0 = Debug|Any CPU
		{D42E7EDA-C869-4FED-82C6-A061E613FA32}.Debug|iPhone.ActiveCfg = Debug|Any CPU
		{D42E7EDA-C869-4FED-82C6-A061E613FA32}.Debug|iPhone.Build.0 = Debug|Any CPU
		{D42E7EDA-C869-4FED-82C6-A061E613FA32}.Debug|iPhone.Deploy.0 = Debug|Any CPU
		{D42E7EDA-C869-4FED-82C6-A061E613FA32}.Debug|iPhoneSimulator.ActiveCfg = Debug|Any CPU
		{D42E7EDA-C869-4FED-82C6-A061E613FA32}.Debug|iPhoneSimulator.Build.0 = Debug|Any CPU
		{D42E7EDA-C869-4FED-82C6-A061E613FA32}.Debug|iPhoneSimulator.Deploy.0 = Debug|Any CPU
		{D42E7EDA-C869-4FED-82C6-A061E613FA32}.Debug|x64.ActiveCfg = Debug|Any CPU
		{D42E7EDA-C869-4FED-82C6-A061E613FA32}.Debug|x64.Build.0 = Debug|Any CPU
		{D42E7EDA-C869-4FED-82C6-A061E613FA32}.Debug|x64.Deploy.0 = Debug|Any CPU
		{D42E7EDA-C869-4FED-82C6-A061E613FA32}.Debug|x86.ActiveCfg = Debug|Any CPU
		{D42E7EDA-C869-4FED-82C6-A061E613FA32}.Debug|x86.Build.0 = Debug|Any CPU
		{D42E7EDA-C869-4FED-82C6-A061E613FA32}.Debug|x86.Deploy.0 = Debug|Any CPU
		{D42E7EDA-C869-4FED-82C6-A061E613FA32}.Release|Any CPU.ActiveCfg = Release|Any CPU
		{D42E7EDA-C869-4FED-82C6-A061E613FA32}.Release|Any CPU.Build.0 = Release|Any CPU
		{D42E7EDA-C869-4FED-82C6-A061E613FA32}.Release|Any CPU.Deploy.0 = Release|Any CPU
		{D42E7EDA-C869-4FED-82C6-A061E613FA32}.Release|ARM.ActiveCfg = Release|Any CPU
		{D42E7EDA-C869-4FED-82C6-A061E613FA32}.Release|ARM.Build.0 = Release|Any CPU
		{D42E7EDA-C869-4FED-82C6-A061E613FA32}.Release|ARM.Deploy.0 = Release|Any CPU
		{D42E7EDA-C869-4FED-82C6-A061E613FA32}.Release|iPhone.ActiveCfg = Release|Any CPU
		{D42E7EDA-C869-4FED-82C6-A061E613FA32}.Release|iPhone.Build.0 = Release|Any CPU
		{D42E7EDA-C869-4FED-82C6-A061E613FA32}.Release|iPhone.Deploy.0 = Release|Any CPU
		{D42E7EDA-C869-4FED-82C6-A061E613FA32}.Release|iPhoneSimulator.ActiveCfg = Release|Any CPU
		{D42E7EDA-C869-4FED-82C6-A061E613FA32}.Release|iPhoneSimulator.Build.0 = Release|Any CPU
		{D42E7EDA-C869-4FED-82C6-A061E613FA32}.Release|iPhoneSimulator.Deploy.0 = Release|Any CPU
		{D42E7EDA-C869-4FED-82C6-A061E613FA32}.Release|x64.ActiveCfg = Release|Any CPU
		{D42E7EDA-C869-4FED-82C6-A061E613FA32}.Release|x64.Build.0 = Release|Any CPU
		{D42E7EDA-C869-4FED-82C6-A061E613FA32}.Release|x64.Deploy.0 = Release|Any CPU
		{D42E7EDA-C869-4FED-82C6-A061E613FA32}.Release|x86.ActiveCfg = Release|Any CPU
		{D42E7EDA-C869-4FED-82C6-A061E613FA32}.Release|x86.Build.0 = Release|Any CPU
		{D42E7EDA-C869-4FED-82C6-A061E613FA32}.Release|x86.Deploy.0 = Release|Any CPU
	EndGlobalSection
	GlobalSection(SolutionProperties) = preSolution
		HideSolutionNode = FALSE
	EndGlobalSection
	GlobalSection(ExtensibilityGlobals) = postSolution
		SolutionGuid = {C64680C0-5A3A-4BB0-86BF-72FEE0846193}
	EndGlobalSection
EndGlobal
